
Microsoft Visual Studio Solution File, Format Version 12.00
# Visual Studio 14
VisualStudioVersion = 14.0.25420.1
MinimumVisualStudioVersion = 10.0.40219.1
Project("{FAE04EC0-301F-11D3-BF4B-00C04F79EFBC}") = "ZenithWebSite", "ZenithWebSite\ZenithWebSite.csproj", "{954CBEA8-946C-4A7F-B26D-D2CDFDCF0147}"
EndProject
Project("{FAE04EC0-301F-11D3-BF4B-00C04F79EFBC}") = "ZenithDataLib", "ZenithDataLib\ZenithDataLib.csproj", "{5DC4B6FC-D5DB-41C9-A956-4C9B14B2E765}"
EndProject
Global
	GlobalSection(SolutionConfigurationPlatforms) = preSolution
		Debug|Any CPU = Debug|Any CPU
		Release|Any CPU = Release|Any CPU
	EndGlobalSection
	GlobalSection(ProjectConfigurationPlatforms) = postSolution
		{954CBEA8-946C-4A7F-B26D-D2CDFDCF0147}.Debug|Any CPU.ActiveCfg = Debug|Any CPU
		{954CBEA8-946C-4A7F-B26D-D2CDFDCF0147}.Debug|Any CPU.Build.0 = Debug|Any CPU
		{954CBEA8-946C-4A7F-B26D-D2CDFDCF0147}.Release|Any CPU.ActiveCfg = Release|Any CPU
		{954CBEA8-946C-4A7F-B26D-D2CDFDCF0147}.Release|Any CPU.Build.0 = Release|Any CPU
		{5DC4B6FC-D5DB-41C9-A956-4C9B14B2E765}.Debug|Any CPU.ActiveCfg = Debug|Any CPU
		{5DC4B6FC-D5DB-41C9-A956-4C9B14B2E765}.Debug|Any CPU.Build.0 = Debug|Any CPU
		{5DC4B6FC-D5DB-41C9-A956-4C9B14B2E765}.Release|Any CPU.ActiveCfg = Release|Any CPU
		{5DC4B6FC-D5DB-41C9-A956-4C9B14B2E765}.Release|Any CPU.Build.0 = Release|Any CPU
	EndGlobalSection
	GlobalSection(SolutionProperties) = preSolution
		HideSolutionNode = FALSE
	EndGlobalSection
EndGlobal
